
Microsoft Visual Studio Solution File, Format Version 12.00
# Visual Studio Version 17
VisualStudioVersion = 17.4.33122.133
MinimumVisualStudioVersion = 10.0.40219.1
Project("{FAE04EC0-301F-11D3-BF4B-00C04F79EFBC}") = "DemoProject", "DemoProject.csproj", "{C2A7E024-2D85-4760-A4C8-0CD6A6B87BD9}"
EndProject
Global
	GlobalSection(SolutionConfigurationPlatforms) = preSolution
		Debug|Any CPU = Debug|Any CPU
		Release|Any CPU = Release|Any CPU
	EndGlobalSection
	GlobalSection(ProjectConfigurationPlatforms) = postSolution
		{C2A7E024-2D85-4760-A4C8-0CD6A6B87BD9}.Debug|Any CPU.ActiveCfg = Debug|Any CPU
		{C2A7E024-2D85-4760-A4C8-0CD6A6B87BD9}.Debug|Any CPU.Build.0 = Debug|Any CPU
		{C2A7E024-2D85-4760-A4C8-0CD6A6B87BD9}.Release|Any CPU.ActiveCfg = Release|Any CPU
		{C2A7E024-2D85-4760-A4C8-0CD6A6B87BD9}.Release|Any CPU.Build.0 = Release|Any CPU
	EndGlobalSection
	GlobalSection(SolutionProperties) = preSolution
		HideSolutionNode = FALSE
	EndGlobalSection
	GlobalSection(ExtensibilityGlobals) = postSolution
		SolutionGuid = {7A173487-FEA6-44CB-9330-394F446D090C}
	EndGlobalSection
EndGlobal
